
Microsoft Visual Studio Solution File, Format Version 9.00
# Visual Studio 2005
Project("{8BC9CEB8-8B4A-11D0-8D11-00A0C91BC942}") = "MAKE_FW", "MAKE_FW.vcproj", "{1AD4568F-3559-4D46-8751-CDCBD0C61E4D}"
EndProject
Global
	GlobalSection(SolutionConfigurationPlatforms) = preSolution
		Debug|Win32 = Debug|Win32
		Release|Win32 = Release|Win32
	EndGlobalSection
	GlobalSection(ProjectConfigurationPlatforms) = postSolution
		{1AD4568F-3559-4D46-8751-CDCBD0C61E4D}.Debug|Win32.ActiveCfg = Debug|Win32
		{1AD4568F-3559-4D46-8751-CDCBD0C61E4D}.Debug|Win32.Build.0 = Debug|Win32
		{1AD4568F-3559-4D46-8751-CDCBD0C61E4D}.Release|Win32.ActiveCfg = Release|Win32
		{1AD4568F-3559-4D46-8751-CDCBD0C61E4D}.Release|Win32.Build.0 = Release|Win32
	EndGlobalSection
	GlobalSection(SolutionProperties) = preSolution
		HideSolutionNode = FALSE
	EndGlobalSection
EndGlobal
